
Microsoft Visual Studio Solution File, Format Version 12.00
# Visual Studio 15
VisualStudioVersion = 15.0.28010.2019
MinimumVisualStudioVersion = 10.0.40219.1
Project("{FAE04EC0-301F-11D3-BF4B-00C04F79EFBC}") = "MyK8sApp", "MyK8sApp\MyK8sApp.csproj", "{D689CC06-22A9-4B63-AEBA-A874F7248B0E}"
EndProject
Global
	GlobalSection(SolutionConfigurationPlatforms) = preSolution
		Debug|Any CPU = Debug|Any CPU
		Release|Any CPU = Release|Any CPU
	EndGlobalSection
	GlobalSection(ProjectConfigurationPlatforms) = postSolution
		{D689CC06-22A9-4B63-AEBA-A874F7248B0E}.Debug|Any CPU.ActiveCfg = Debug|Any CPU
		{D689CC06-22A9-4B63-AEBA-A874F7248B0E}.Debug|Any CPU.Build.0 = Debug|Any CPU
		{D689CC06-22A9-4B63-AEBA-A874F7248B0E}.Release|Any CPU.ActiveCfg = Release|Any CPU
		{D689CC06-22A9-4B63-AEBA-A874F7248B0E}.Release|Any CPU.Build.0 = Release|Any CPU
	EndGlobalSection
	GlobalSection(SolutionProperties) = preSolution
		HideSolutionNode = FALSE
	EndGlobalSection
	GlobalSection(ExtensibilityGlobals) = postSolution
		SolutionGuid = {6030B048-E514-4BC1-B5B1-725A89746BBE}
	EndGlobalSection
EndGlobal
